# THIS IS AN AUTOGENERATED FILE. DO NOT EDIT THIS FILE DIRECTLY.
# yarn lockfile v1


"@faker-js/faker@^8.0.1":
  version "8.0.1"
  resolved "https://registry.yarnpkg.com/@faker-js/faker/-/faker-8.0.1.tgz#2157068931aaab555eda5ff87f50330aeeb6153a"
  integrity sha512-kbh5MenpTN9U0B4QcOI1NoTPlZHniSYQ3BHbhAnPjJGAmmFqxoxTE4sGdpy7ZOO9038DPGCuhXyMkjOr05uVwA==
